
Microsoft Visual Studio Solution File, Format Version 12.00
# Visual Studio 15
VisualStudioVersion = 15.0.28307.1062
MinimumVisualStudioVersion = 10.0.40219.1
Project("{FAE04EC0-301F-11D3-BF4B-00C04F79EFBC}") = "CarGallerySystem", "CarGallerySystem\CarGallerySystem.csproj", "{EBF784F3-0F09-4437-B291-1ED5E3DB02F4}"
EndProject
Global
	GlobalSection(SolutionConfigurationPlatforms) = preSolution
		Debug|Any CPU = Debug|Any CPU
		Release|Any CPU = Release|Any CPU
	EndGlobalSection
	GlobalSection(ProjectConfigurationPlatforms) = postSolution
		{EBF784F3-0F09-4437-B291-1ED5E3DB02F4}.Debug|Any CPU.ActiveCfg = Debug|Any CPU
		{EBF784F3-0F09-4437-B291-1ED5E3DB02F4}.Debug|Any CPU.Build.0 = Debug|Any CPU
		{EBF784F3-0F09-4437-B291-1ED5E3DB02F4}.Release|Any CPU.ActiveCfg = Release|Any CPU
		{EBF784F3-0F09-4437-B291-1ED5E3DB02F4}.Release|Any CPU.Build.0 = Release|Any CPU
	EndGlobalSection
	GlobalSection(SolutionProperties) = preSolution
		HideSolutionNode = FALSE
	EndGlobalSection
	GlobalSection(ExtensibilityGlobals) = postSolution
		SolutionGuid = {0F80F0E4-F323-4619-96C0-4DE6DB64B42A}
	EndGlobalSection
EndGlobal
